
Microsoft Visual Studio Solution File, Format Version 12.00
# Visual Studio Version 17
VisualStudioVersion = 17.13.35806.99 d17.13
MinimumVisualStudioVersion = 10.0.40219.1
Project("{FAE04EC0-301F-11D3-BF4B-00C04F79EFBC}") = "View", "CadastroApp01\View.csproj", "{AAA571CE-26CF-4882-B09F-C983AF47220E}"
EndProject
Project("{FAE04EC0-301F-11D3-BF4B-00C04F79EFBC}") = "Services", "Services\Services.csproj", "{E3007456-3099-4F92-AD5A-F6DEDBFE4080}"
EndProject
Project("{FAE04EC0-301F-11D3-BF4B-00C04F79EFBC}") = "Entities", "Entities\Entities.csproj", "{C6C8D5A0-3623-4ECF-8461-8D38FB6FF498}"
EndProject
Project("{FAE04EC0-301F-11D3-BF4B-00C04F79EFBC}") = "Repository", "Repository\Repository.csproj", "{56CD5FE4-DD10-40F2-989A-1D4027176E6C}"
EndProject
Global
	GlobalSection(SolutionConfigurationPlatforms) = preSolution
		Debug|Any CPU = Debug|Any CPU
		Release|Any CPU = Release|Any CPU
	EndGlobalSection
	GlobalSection(ProjectConfigurationPlatforms) = postSolution
		{AAA571CE-26CF-4882-B09F-C983AF47220E}.Debug|Any CPU.ActiveCfg = Debug|Any CPU
		{AAA571CE-26CF-4882-B09F-C983AF47220E}.Debug|Any CPU.Build.0 = Debug|Any CPU
		{AAA571CE-26CF-4882-B09F-C983AF47220E}.Release|Any CPU.ActiveCfg = Release|Any CPU
		{AAA571CE-26CF-4882-B09F-C983AF47220E}.Release|Any CPU.Build.0 = Release|Any CPU
		{E3007456-3099-4F92-AD5A-F6DEDBFE4080}.Debug|Any CPU.ActiveCfg = Debug|Any CPU
		{E3007456-3099-4F92-AD5A-F6DEDBFE4080}.Debug|Any CPU.Build.0 = Debug|Any CPU
		{E3007456-3099-4F92-AD5A-F6DEDBFE4080}.Release|Any CPU.ActiveCfg = Release|Any CPU
		{E3007456-3099-4F92-AD5A-F6DEDBFE4080}.Release|Any CPU.Build.0 = Release|Any CPU
		{C6C8D5A0-3623-4ECF-8461-8D38FB6FF498}.Debug|Any CPU.ActiveCfg = Debug|Any CPU
		{C6C8D5A0-3623-4ECF-8461-8D38FB6FF498}.Debug|Any CPU.Build.0 = Debug|Any CPU
		{C6C8D5A0-3623-4ECF-8461-8D38FB6FF498}.Release|Any CPU.ActiveCfg = Release|Any CPU
		{C6C8D5A0-3623-4ECF-8461-8D38FB6FF498}.Release|Any CPU.Build.0 = Release|Any CPU
		{56CD5FE4-DD10-40F2-989A-1D4027176E6C}.Debug|Any CPU.ActiveCfg = Debug|Any CPU
		{56CD5FE4-DD10-40F2-989A-1D4027176E6C}.Debug|Any CPU.Build.0 = Debug|Any CPU
		{56CD5FE4-DD10-40F2-989A-1D4027176E6C}.Release|Any CPU.ActiveCfg = Release|Any CPU
		{56CD5FE4-DD10-40F2-989A-1D4027176E6C}.Release|Any CPU.Build.0 = Release|Any CPU
	EndGlobalSection
	GlobalSection(SolutionProperties) = preSolution
		HideSolutionNode = FALSE
	EndGlobalSection
	GlobalSection(ExtensibilityGlobals) = postSolution
		SolutionGuid = {64A3B958-CF9A-482D-B286-9E4289B6F0C5}
	EndGlobalSection
EndGlobal
