
Microsoft Visual Studio Solution File, Format Version 12.00
# Visual Studio Version 17
VisualStudioVersion = 17.13.35806.99 d17.13
MinimumVisualStudioVersion = 10.0.40219.1
Project("{FAE04EC0-301F-11D3-BF4B-00C04F79EFBC}") = "View", "AtividadeMultiForm\View.csproj", "{47A0275C-AA65-4073-8D9A-D1B47570DD94}"
EndProject
Project("{FAE04EC0-301F-11D3-BF4B-00C04F79EFBC}") = "Entities", "Entities\Entities.csproj", "{741EF4FC-0495-4155-96B8-ACA6F51372B9}"
EndProject
Project("{FAE04EC0-301F-11D3-BF4B-00C04F79EFBC}") = "Repository", "Repository\Repository.csproj", "{77044016-7B76-4559-B803-F64BD751F7AB}"
EndProject
Project("{FAE04EC0-301F-11D3-BF4B-00C04F79EFBC}") = "Service", "Service\Service.csproj", "{BF4F4616-ACF1-42F5-8F9D-4AD7E4675326}"
EndProject
Global
	GlobalSection(SolutionConfigurationPlatforms) = preSolution
		Debug|Any CPU = Debug|Any CPU
		Release|Any CPU = Release|Any CPU
	EndGlobalSection
	GlobalSection(ProjectConfigurationPlatforms) = postSolution
		{47A0275C-AA65-4073-8D9A-D1B47570DD94}.Debug|Any CPU.ActiveCfg = Debug|Any CPU
		{47A0275C-AA65-4073-8D9A-D1B47570DD94}.Debug|Any CPU.Build.0 = Debug|Any CPU
		{47A0275C-AA65-4073-8D9A-D1B47570DD94}.Release|Any CPU.ActiveCfg = Release|Any CPU
		{47A0275C-AA65-4073-8D9A-D1B47570DD94}.Release|Any CPU.Build.0 = Release|Any CPU
		{741EF4FC-0495-4155-96B8-ACA6F51372B9}.Debug|Any CPU.ActiveCfg = Debug|Any CPU
		{741EF4FC-0495-4155-96B8-ACA6F51372B9}.Debug|Any CPU.Build.0 = Debug|Any CPU
		{741EF4FC-0495-4155-96B8-ACA6F51372B9}.Release|Any CPU.ActiveCfg = Release|Any CPU
		{741EF4FC-0495-4155-96B8-ACA6F51372B9}.Release|Any CPU.Build.0 = Release|Any CPU
		{77044016-7B76-4559-B803-F64BD751F7AB}.Debug|Any CPU.ActiveCfg = Debug|Any CPU
		{77044016-7B76-4559-B803-F64BD751F7AB}.Debug|Any CPU.Build.0 = Debug|Any CPU
		{77044016-7B76-4559-B803-F64BD751F7AB}.Release|Any CPU.ActiveCfg = Release|Any CPU
		{77044016-7B76-4559-B803-F64BD751F7AB}.Release|Any CPU.Build.0 = Release|Any CPU
		{BF4F4616-ACF1-42F5-8F9D-4AD7E4675326}.Debug|Any CPU.ActiveCfg = Debug|Any CPU
		{BF4F4616-ACF1-42F5-8F9D-4AD7E4675326}.Debug|Any CPU.Build.0 = Debug|Any CPU
		{BF4F4616-ACF1-42F5-8F9D-4AD7E4675326}.Release|Any CPU.ActiveCfg = Release|Any CPU
		{BF4F4616-ACF1-42F5-8F9D-4AD7E4675326}.Release|Any CPU.Build.0 = Release|Any CPU
	EndGlobalSection
	GlobalSection(SolutionProperties) = preSolution
		HideSolutionNode = FALSE
	EndGlobalSection
	GlobalSection(ExtensibilityGlobals) = postSolution
		SolutionGuid = {D3A473EE-BCE5-4B62-926F-04EAE10E0995}
	EndGlobalSection
EndGlobal
